Microsoft Visual Studio Solution File, Format Version 12.00
# Visual Studio 14
Project("{8BC9CEB8-8B4A-11D0-8D11-00A0C91BC942}") = "ALL_BUILD", "ALL_BUILD.vcxproj", "{C3041693-44F0-3357-9DB8-0E64E1AF66D6}"
	ProjectSection(ProjectDependencies) = postProject
		{0D83E84B-178E-3036-BE5B-17C036EB1D03} = {0D83E84B-178E-3036-BE5B-17C036EB1D03}
		{AE93479E-2B63-3F0F-9C44-7CD6FBDDA862} = {AE93479E-2B63-3F0F-9C44-7CD6FBDDA862}
	EndProjectSection
EndProject
Project("{8BC9CEB8-8B4A-11D0-8D11-00A0C91BC942}") = "ME557_David_Peiffer_Project", "ME557_David_Peiffer_Project.vcxproj", "{0D83E84B-178E-3036-BE5B-17C036EB1D03}"
	ProjectSection(ProjectDependencies) = postProject
		{AE93479E-2B63-3F0F-9C44-7CD6FBDDA862} = {AE93479E-2B63-3F0F-9C44-7CD6FBDDA862}
	EndProjectSection
EndProject
Project("{8BC9CEB8-8B4A-11D0-8D11-00A0C91BC942}") = "ZERO_CHECK", "ZERO_CHECK.vcxproj", "{AE93479E-2B63-3F0F-9C44-7CD6FBDDA862}"
	ProjectSection(ProjectDependencies) = postProject
	EndProjectSection
EndProject
Global
	GlobalSection(SolutionConfigurationPlatforms) = preSolution
		Debug|x64 = Debug|x64
		Release|x64 = Release|x64
		MinSizeRel|x64 = MinSizeRel|x64
		RelWithDebInfo|x64 = RelWithDebInfo|x64
	EndGlobalSection
	GlobalSection(ProjectConfigurationPlatforms) = postSolution
		{C3041693-44F0-3357-9DB8-0E64E1AF66D6}.Debug|x64.ActiveCfg = Debug|x64
		{C3041693-44F0-3357-9DB8-0E64E1AF66D6}.Release|x64.ActiveCfg = Release|x64
		{C3041693-44F0-3357-9DB8-0E64E1AF66D6}.MinSizeRel|x64.ActiveCfg = MinSizeRel|x64
		{C3041693-44F0-3357-9DB8-0E64E1AF66D6}.RelWithDebInfo|x64.ActiveCfg = RelWithDebInfo|x64
		{0D83E84B-178E-3036-BE5B-17C036EB1D03}.Debug|x64.ActiveCfg = Debug|x64
		{0D83E84B-178E-3036-BE5B-17C036EB1D03}.Debug|x64.Build.0 = Debug|x64
		{0D83E84B-178E-3036-BE5B-17C036EB1D03}.Release|x64.ActiveCfg = Release|x64
		{0D83E84B-178E-3036-BE5B-17C036EB1D03}.Release|x64.Build.0 = Release|x64
		{0D83E84B-178E-3036-BE5B-17C036EB1D03}.MinSizeRel|x64.ActiveCfg = MinSizeRel|x64
		{0D83E84B-178E-3036-BE5B-17C036EB1D03}.MinSizeRel|x64.Build.0 = MinSizeRel|x64
		{0D83E84B-178E-3036-BE5B-17C036EB1D03}.RelWithDebInfo|x64.ActiveCfg = RelWithDebInfo|x64
		{0D83E84B-178E-3036-BE5B-17C036EB1D03}.RelWithDebInfo|x64.Build.0 = RelWithDebInfo|x64
		{AE93479E-2B63-3F0F-9C44-7CD6FBDDA862}.Debug|x64.ActiveCfg = Debug|x64
		{AE93479E-2B63-3F0F-9C44-7CD6FBDDA862}.Debug|x64.Build.0 = Debug|x64
		{AE93479E-2B63-3F0F-9C44-7CD6FBDDA862}.Release|x64.ActiveCfg = Release|x64
		{AE93479E-2B63-3F0F-9C44-7CD6FBDDA862}.Release|x64.Build.0 = Release|x64
		{AE93479E-2B63-3F0F-9C44-7CD6FBDDA862}.MinSizeRel|x64.ActiveCfg = MinSizeRel|x64
		{AE93479E-2B63-3F0F-9C44-7CD6FBDDA862}.MinSizeRel|x64.Build.0 = MinSizeRel|x64
		{AE93479E-2B63-3F0F-9C44-7CD6FBDDA862}.RelWithDebInfo|x64.ActiveCfg = RelWithDebInfo|x64
		{AE93479E-2B63-3F0F-9C44-7CD6FBDDA862}.RelWithDebInfo|x64.Build.0 = RelWithDebInfo|x64
	EndGlobalSection
	GlobalSection(ExtensibilityGlobals) = postSolution
	EndGlobalSection
	GlobalSection(ExtensibilityAddIns) = postSolution
	EndGlobalSection
EndGlobal
