Microsoft Visual Studio Solution File, Format Version 12.00
# Visual Studio 14
Project("{8BC9CEB8-8B4A-11D0-8D11-00A0C91BC942}") = "ALL_BUILD", "ALL_BUILD.vcxproj", "{563CECAF-84DF-3FCB-B6CF-083F863C8807}"
	ProjectSection(ProjectDependencies) = postProject
		{949C7C31-978E-33E6-810B-0F45371FA0AA} = {949C7C31-978E-33E6-810B-0F45371FA0AA}
		{D4E7BF37-167E-3148-8F6B-D7AB17DD34ED} = {D4E7BF37-167E-3148-8F6B-D7AB17DD34ED}
	EndProjectSection
EndProject
Project("{8BC9CEB8-8B4A-11D0-8D11-00A0C91BC942}") = "HCI557_ObjLoader", "HCI557_ObjLoader.vcxproj", "{949C7C31-978E-33E6-810B-0F45371FA0AA}"
	ProjectSection(ProjectDependencies) = postProject
		{D4E7BF37-167E-3148-8F6B-D7AB17DD34ED} = {D4E7BF37-167E-3148-8F6B-D7AB17DD34ED}
	EndProjectSection
EndProject
Project("{8BC9CEB8-8B4A-11D0-8D11-00A0C91BC942}") = "ZERO_CHECK", "ZERO_CHECK.vcxproj", "{D4E7BF37-167E-3148-8F6B-D7AB17DD34ED}"
	ProjectSection(ProjectDependencies) = postProject
	EndProjectSection
EndProject
Global
	GlobalSection(SolutionConfigurationPlatforms) = preSolution
		Debug|x64 = Debug|x64
		Release|x64 = Release|x64
		MinSizeRel|x64 = MinSizeRel|x64
		RelWithDebInfo|x64 = RelWithDebInfo|x64
	EndGlobalSection
	GlobalSection(ProjectConfigurationPlatforms) = postSolution
		{563CECAF-84DF-3FCB-B6CF-083F863C8807}.Debug|x64.ActiveCfg = Debug|x64
		{563CECAF-84DF-3FCB-B6CF-083F863C8807}.Release|x64.ActiveCfg = Release|x64
		{563CECAF-84DF-3FCB-B6CF-083F863C8807}.MinSizeRel|x64.ActiveCfg = MinSizeRel|x64
		{563CECAF-84DF-3FCB-B6CF-083F863C8807}.RelWithDebInfo|x64.ActiveCfg = RelWithDebInfo|x64
		{949C7C31-978E-33E6-810B-0F45371FA0AA}.Debug|x64.ActiveCfg = Debug|x64
		{949C7C31-978E-33E6-810B-0F45371FA0AA}.Debug|x64.Build.0 = Debug|x64
		{949C7C31-978E-33E6-810B-0F45371FA0AA}.Release|x64.ActiveCfg = Release|x64
		{949C7C31-978E-33E6-810B-0F45371FA0AA}.Release|x64.Build.0 = Release|x64
		{949C7C31-978E-33E6-810B-0F45371FA0AA}.MinSizeRel|x64.ActiveCfg = MinSizeRel|x64
		{949C7C31-978E-33E6-810B-0F45371FA0AA}.MinSizeRel|x64.Build.0 = MinSizeRel|x64
		{949C7C31-978E-33E6-810B-0F45371FA0AA}.RelWithDebInfo|x64.ActiveCfg = RelWithDebInfo|x64
		{949C7C31-978E-33E6-810B-0F45371FA0AA}.RelWithDebInfo|x64.Build.0 = RelWithDebInfo|x64
		{D4E7BF37-167E-3148-8F6B-D7AB17DD34ED}.Debug|x64.ActiveCfg = Debug|x64
		{D4E7BF37-167E-3148-8F6B-D7AB17DD34ED}.Debug|x64.Build.0 = Debug|x64
		{D4E7BF37-167E-3148-8F6B-D7AB17DD34ED}.Release|x64.ActiveCfg = Release|x64
		{D4E7BF37-167E-3148-8F6B-D7AB17DD34ED}.Release|x64.Build.0 = Release|x64
		{D4E7BF37-167E-3148-8F6B-D7AB17DD34ED}.MinSizeRel|x64.ActiveCfg = MinSizeRel|x64
		{D4E7BF37-167E-3148-8F6B-D7AB17DD34ED}.MinSizeRel|x64.Build.0 = MinSizeRel|x64
		{D4E7BF37-167E-3148-8F6B-D7AB17DD34ED}.RelWithDebInfo|x64.ActiveCfg = RelWithDebInfo|x64
		{D4E7BF37-167E-3148-8F6B-D7AB17DD34ED}.RelWithDebInfo|x64.Build.0 = RelWithDebInfo|x64
	EndGlobalSection
	GlobalSection(ExtensibilityGlobals) = postSolution
	EndGlobalSection
	GlobalSection(ExtensibilityAddIns) = postSolution
	EndGlobalSection
EndGlobal
