Microsoft Visual Studio Solution File, Format Version 12.00
# Visual Studio 14
Project("{2150E333-8FDC-42A3-9474-1A3956D46DE8}") = "CMakePredefinedTargets", "CMakePredefinedTargets", "{66EF014F-CE93-3343-AF0A-C4F94282A695}"
EndProject
Project("{2150E333-8FDC-42A3-9474-1A3956D46DE8}") = "GLFW3", "GLFW3", "{B3475860-C424-37C9-8989-35CF7B2EA3EF}"
EndProject
Project("{2150E333-8FDC-42A3-9474-1A3956D46DE8}") = "Examples", "GLFW3\Examples", "{20D10C6E-1B03-3AC5-9153-F1F972A0CB66}"
EndProject
Project("{2150E333-8FDC-42A3-9474-1A3956D46DE8}") = "Tests", "GLFW3\Tests", "{0EE9738C-564F-3C58-B978-55718DD3FC38}"
EndProject
Project("{8BC9CEB8-8B4A-11D0-8D11-00A0C91BC942}") = "ALL_BUILD", "ALL_BUILD.vcxproj", "{FC683848-1D39-3228-B4D9-15F6C3230A56}"
	ProjectSection(ProjectDependencies) = postProject
		{71AF436A-F5CD-37F4-B99D-535841D1C43C} = {71AF436A-F5CD-37F4-B99D-535841D1C43C}
		{8BF99438-96F3-3A84-9E4B-31B9D4095ABD} = {8BF99438-96F3-3A84-9E4B-31B9D4095ABD}
		{127C33FC-1C77-3063-AA51-FBB1A603F6CE} = {127C33FC-1C77-3063-AA51-FBB1A603F6CE}
		{9017FFEC-99B6-31D0-A09C-813031DB5DA8} = {9017FFEC-99B6-31D0-A09C-813031DB5DA8}
		{455D7E9F-7D6B-3922-82DD-CC3E8E5CEBD2} = {455D7E9F-7D6B-3922-82DD-CC3E8E5CEBD2}
		{13A37C90-5E4E-37CB-B287-3F58CA82C7C9} = {13A37C90-5E4E-37CB-B287-3F58CA82C7C9}
		{2DD96FBF-B7FF-3B83-B576-1ED88C345199} = {2DD96FBF-B7FF-3B83-B576-1ED88C345199}
		{C04CC68D-FE1C-3251-947E-DF9B49FBADAF} = {C04CC68D-FE1C-3251-947E-DF9B49FBADAF}
		{FB3C5D02-1EEE-38B9-962B-FDFBA867A700} = {FB3C5D02-1EEE-38B9-962B-FDFBA867A700}
		{B534C122-4946-3839-BA60-9CED7739EAD9} = {B534C122-4946-3839-BA60-9CED7739EAD9}
		{F677AFF0-23C0-353A-9130-F2F643D20AB2} = {F677AFF0-23C0-353A-9130-F2F643D20AB2}
		{6A4D2B46-82C5-33AD-ABB1-04D071E57E09} = {6A4D2B46-82C5-33AD-ABB1-04D071E57E09}
		{CE0731AF-D151-3465-B9EA-19747914D1FD} = {CE0731AF-D151-3465-B9EA-19747914D1FD}
		{133C56A6-D8F8-31EF-AC2F-F9453E2DB80E} = {133C56A6-D8F8-31EF-AC2F-F9453E2DB80E}
		{4D2B74B1-8311-35D5-B4E0-E3ACEBB43405} = {4D2B74B1-8311-35D5-B4E0-E3ACEBB43405}
		{A4C4D4E3-1A87-385E-8A03-EA29A35818B1} = {A4C4D4E3-1A87-385E-8A03-EA29A35818B1}
		{06077F25-5B40-367E-A693-CBF04207A035} = {06077F25-5B40-367E-A693-CBF04207A035}
		{A42132D8-5970-3EA2-855A-B41486505345} = {A42132D8-5970-3EA2-855A-B41486505345}
		{828318EB-76E2-3FB2-9787-A782E413BE67} = {828318EB-76E2-3FB2-9787-A782E413BE67}
		{A5ED2F04-0EFF-3CA1-BE97-B86061FC3E28} = {A5ED2F04-0EFF-3CA1-BE97-B86061FC3E28}
		{E4821150-43A6-38B3-AC72-3811F09FDB2E} = {E4821150-43A6-38B3-AC72-3811F09FDB2E}
		{920DB3B6-D6B3-3E21-B718-F8276DCB6252} = {920DB3B6-D6B3-3E21-B718-F8276DCB6252}
		{F72DAE65-A294-39ED-9B54-E9A27C630D69} = {F72DAE65-A294-39ED-9B54-E9A27C630D69}
		{1F14119E-AE11-3C99-B367-038BE79FC9DD} = {1F14119E-AE11-3C99-B367-038BE79FC9DD}
		{21001479-94E9-377E-8AB4-389E071C354E} = {21001479-94E9-377E-8AB4-389E071C354E}
		{DE7534F4-D86D-3392-A169-3CBB12053518} = {DE7534F4-D86D-3392-A169-3CBB12053518}
		{D9F4DFEA-DFFE-3F41-8F3B-34BCB58B1F25} = {D9F4DFEA-DFFE-3F41-8F3B-34BCB58B1F25}
		{2979E131-06CE-3902-88F6-06AADACD5591} = {2979E131-06CE-3902-88F6-06AADACD5591}
		{7D5A38AD-55B5-3559-98A7-9D66AF7D1C4F} = {7D5A38AD-55B5-3559-98A7-9D66AF7D1C4F}
	EndProjectSection
EndProject
Project("{8BC9CEB8-8B4A-11D0-8D11-00A0C91BC942}") = "INSTALL", "INSTALL.vcxproj", "{E6571808-08AA-37CC-B964-4F63D26160B5}"
	ProjectSection(ProjectDependencies) = postProject
		{FC683848-1D39-3228-B4D9-15F6C3230A56} = {FC683848-1D39-3228-B4D9-15F6C3230A56}
		{71AF436A-F5CD-37F4-B99D-535841D1C43C} = {71AF436A-F5CD-37F4-B99D-535841D1C43C}
	EndProjectSection
EndProject
Project("{8BC9CEB8-8B4A-11D0-8D11-00A0C91BC942}") = "ZERO_CHECK", "ZERO_CHECK.vcxproj", "{71AF436A-F5CD-37F4-B99D-535841D1C43C}"
	ProjectSection(ProjectDependencies) = postProject
	EndProjectSection
EndProject
Project("{8BC9CEB8-8B4A-11D0-8D11-00A0C91BC942}") = "accuracy", "glfw-3.1.1\tests\accuracy.vcxproj", "{8BF99438-96F3-3A84-9E4B-31B9D4095ABD}"
	ProjectSection(ProjectDependencies) = postProject
		{71AF436A-F5CD-37F4-B99D-535841D1C43C} = {71AF436A-F5CD-37F4-B99D-535841D1C43C}
		{CE0731AF-D151-3465-B9EA-19747914D1FD} = {CE0731AF-D151-3465-B9EA-19747914D1FD}
	EndProjectSection
EndProject
Project("{8BC9CEB8-8B4A-11D0-8D11-00A0C91BC942}") = "boing", "glfw-3.1.1\examples\boing.vcxproj", "{127C33FC-1C77-3063-AA51-FBB1A603F6CE}"
	ProjectSection(ProjectDependencies) = postProject
		{71AF436A-F5CD-37F4-B99D-535841D1C43C} = {71AF436A-F5CD-37F4-B99D-535841D1C43C}
		{CE0731AF-D151-3465-B9EA-19747914D1FD} = {CE0731AF-D151-3465-B9EA-19747914D1FD}
	EndProjectSection
EndProject
Project("{8BC9CEB8-8B4A-11D0-8D11-00A0C91BC942}") = "clipboard", "glfw-3.1.1\tests\clipboard.vcxproj", "{9017FFEC-99B6-31D0-A09C-813031DB5DA8}"
	ProjectSection(ProjectDependencies) = postProject
		{71AF436A-F5CD-37F4-B99D-535841D1C43C} = {71AF436A-F5CD-37F4-B99D-535841D1C43C}
		{CE0731AF-D151-3465-B9EA-19747914D1FD} = {CE0731AF-D151-3465-B9EA-19747914D1FD}
	EndProjectSection
EndProject
Project("{8BC9CEB8-8B4A-11D0-8D11-00A0C91BC942}") = "cursor", "glfw-3.1.1\tests\cursor.vcxproj", "{455D7E9F-7D6B-3922-82DD-CC3E8E5CEBD2}"
	ProjectSection(ProjectDependencies) = postProject
		{71AF436A-F5CD-37F4-B99D-535841D1C43C} = {71AF436A-F5CD-37F4-B99D-535841D1C43C}
		{CE0731AF-D151-3465-B9EA-19747914D1FD} = {CE0731AF-D151-3465-B9EA-19747914D1FD}
	EndProjectSection
EndProject
Project("{8BC9CEB8-8B4A-11D0-8D11-00A0C91BC942}") = "cursoranim", "glfw-3.1.1\tests\cursoranim.vcxproj", "{13A37C90-5E4E-37CB-B287-3F58CA82C7C9}"
	ProjectSection(ProjectDependencies) = postProject
		{71AF436A-F5CD-37F4-B99D-535841D1C43C} = {71AF436A-F5CD-37F4-B99D-535841D1C43C}
		{CE0731AF-D151-3465-B9EA-19747914D1FD} = {CE0731AF-D151-3465-B9EA-19747914D1FD}
	EndProjectSection
EndProject
Project("{8BC9CEB8-8B4A-11D0-8D11-00A0C91BC942}") = "defaults", "glfw-3.1.1\tests\defaults.vcxproj", "{2DD96FBF-B7FF-3B83-B576-1ED88C345199}"
	ProjectSection(ProjectDependencies) = postProject
		{71AF436A-F5CD-37F4-B99D-535841D1C43C} = {71AF436A-F5CD-37F4-B99D-535841D1C43C}
		{CE0731AF-D151-3465-B9EA-19747914D1FD} = {CE0731AF-D151-3465-B9EA-19747914D1FD}
	EndProjectSection
EndProject
Project("{8BC9CEB8-8B4A-11D0-8D11-00A0C91BC942}") = "empty", "glfw-3.1.1\tests\empty.vcxproj", "{C04CC68D-FE1C-3251-947E-DF9B49FBADAF}"
	ProjectSection(ProjectDependencies) = postProject
		{71AF436A-F5CD-37F4-B99D-535841D1C43C} = {71AF436A-F5CD-37F4-B99D-535841D1C43C}
		{CE0731AF-D151-3465-B9EA-19747914D1FD} = {CE0731AF-D151-3465-B9EA-19747914D1FD}
	EndProjectSection
EndProject
Project("{8BC9CEB8-8B4A-11D0-8D11-00A0C91BC942}") = "events", "glfw-3.1.1\tests\events.vcxproj", "{FB3C5D02-1EEE-38B9-962B-FDFBA867A700}"
	ProjectSection(ProjectDependencies) = postProject
		{71AF436A-F5CD-37F4-B99D-535841D1C43C} = {71AF436A-F5CD-37F4-B99D-535841D1C43C}
		{CE0731AF-D151-3465-B9EA-19747914D1FD} = {CE0731AF-D151-3465-B9EA-19747914D1FD}
	EndProjectSection
EndProject
Project("{8BC9CEB8-8B4A-11D0-8D11-00A0C91BC942}") = "fsaa", "glfw-3.1.1\tests\fsaa.vcxproj", "{B534C122-4946-3839-BA60-9CED7739EAD9}"
	ProjectSection(ProjectDependencies) = postProject
		{71AF436A-F5CD-37F4-B99D-535841D1C43C} = {71AF436A-F5CD-37F4-B99D-535841D1C43C}
		{CE0731AF-D151-3465-B9EA-19747914D1FD} = {CE0731AF-D151-3465-B9EA-19747914D1FD}
	EndProjectSection
EndProject
Project("{8BC9CEB8-8B4A-11D0-8D11-00A0C91BC942}") = "gamma", "glfw-3.1.1\tests\gamma.vcxproj", "{F677AFF0-23C0-353A-9130-F2F643D20AB2}"
	ProjectSection(ProjectDependencies) = postProject
		{71AF436A-F5CD-37F4-B99D-535841D1C43C} = {71AF436A-F5CD-37F4-B99D-535841D1C43C}
		{CE0731AF-D151-3465-B9EA-19747914D1FD} = {CE0731AF-D151-3465-B9EA-19747914D1FD}
	EndProjectSection
EndProject
Project("{8BC9CEB8-8B4A-11D0-8D11-00A0C91BC942}") = "gears", "glfw-3.1.1\examples\gears.vcxproj", "{6A4D2B46-82C5-33AD-ABB1-04D071E57E09}"
	ProjectSection(ProjectDependencies) = postProject
		{71AF436A-F5CD-37F4-B99D-535841D1C43C} = {71AF436A-F5CD-37F4-B99D-535841D1C43C}
		{CE0731AF-D151-3465-B9EA-19747914D1FD} = {CE0731AF-D151-3465-B9EA-19747914D1FD}
	EndProjectSection
EndProject
Project("{8BC9CEB8-8B4A-11D0-8D11-00A0C91BC942}") = "glfw", "glfw-3.1.1\src\glfw.vcxproj", "{CE0731AF-D151-3465-B9EA-19747914D1FD}"
	ProjectSection(ProjectDependencies) = postProject
		{71AF436A-F5CD-37F4-B99D-535841D1C43C} = {71AF436A-F5CD-37F4-B99D-535841D1C43C}
	EndProjectSection
EndProject
Project("{8BC9CEB8-8B4A-11D0-8D11-00A0C91BC942}") = "glfwinfo", "glfw-3.1.1\tests\glfwinfo.vcxproj", "{133C56A6-D8F8-31EF-AC2F-F9453E2DB80E}"
	ProjectSection(ProjectDependencies) = postProject
		{71AF436A-F5CD-37F4-B99D-535841D1C43C} = {71AF436A-F5CD-37F4-B99D-535841D1C43C}
		{CE0731AF-D151-3465-B9EA-19747914D1FD} = {CE0731AF-D151-3465-B9EA-19747914D1FD}
	EndProjectSection
EndProject
Project("{8BC9CEB8-8B4A-11D0-8D11-00A0C91BC942}") = "heightmap", "glfw-3.1.1\examples\heightmap.vcxproj", "{4D2B74B1-8311-35D5-B4E0-E3ACEBB43405}"
	ProjectSection(ProjectDependencies) = postProject
		{71AF436A-F5CD-37F4-B99D-535841D1C43C} = {71AF436A-F5CD-37F4-B99D-535841D1C43C}
		{CE0731AF-D151-3465-B9EA-19747914D1FD} = {CE0731AF-D151-3465-B9EA-19747914D1FD}
	EndProjectSection
EndProject
Project("{8BC9CEB8-8B4A-11D0-8D11-00A0C91BC942}") = "iconify", "glfw-3.1.1\tests\iconify.vcxproj", "{A4C4D4E3-1A87-385E-8A03-EA29A35818B1}"
	ProjectSection(ProjectDependencies) = postProject
		{71AF436A-F5CD-37F4-B99D-535841D1C43C} = {71AF436A-F5CD-37F4-B99D-535841D1C43C}
		{CE0731AF-D151-3465-B9EA-19747914D1FD} = {CE0731AF-D151-3465-B9EA-19747914D1FD}
	EndProjectSection
EndProject
Project("{8BC9CEB8-8B4A-11D0-8D11-00A0C91BC942}") = "joysticks", "glfw-3.1.1\tests\joysticks.vcxproj", "{06077F25-5B40-367E-A693-CBF04207A035}"
	ProjectSection(ProjectDependencies) = postProject
		{71AF436A-F5CD-37F4-B99D-535841D1C43C} = {71AF436A-F5CD-37F4-B99D-535841D1C43C}
		{CE0731AF-D151-3465-B9EA-19747914D1FD} = {CE0731AF-D151-3465-B9EA-19747914D1FD}
	EndProjectSection
EndProject
Project("{8BC9CEB8-8B4A-11D0-8D11-00A0C91BC942}") = "monitors", "glfw-3.1.1\tests\monitors.vcxproj", "{A42132D8-5970-3EA2-855A-B41486505345}"
	ProjectSection(ProjectDependencies) = postProject
		{71AF436A-F5CD-37F4-B99D-535841D1C43C} = {71AF436A-F5CD-37F4-B99D-535841D1C43C}
		{CE0731AF-D151-3465-B9EA-19747914D1FD} = {CE0731AF-D151-3465-B9EA-19747914D1FD}
	EndProjectSection
EndProject
Project("{8BC9CEB8-8B4A-11D0-8D11-00A0C91BC942}") = "particles", "glfw-3.1.1\examples\particles.vcxproj", "{828318EB-76E2-3FB2-9787-A782E413BE67}"
	ProjectSection(ProjectDependencies) = postProject
		{71AF436A-F5CD-37F4-B99D-535841D1C43C} = {71AF436A-F5CD-37F4-B99D-535841D1C43C}
		{CE0731AF-D151-3465-B9EA-19747914D1FD} = {CE0731AF-D151-3465-B9EA-19747914D1FD}
	EndProjectSection
EndProject
Project("{8BC9CEB8-8B4A-11D0-8D11-00A0C91BC942}") = "peter", "glfw-3.1.1\tests\peter.vcxproj", "{A5ED2F04-0EFF-3CA1-BE97-B86061FC3E28}"
	ProjectSection(ProjectDependencies) = postProject
		{71AF436A-F5CD-37F4-B99D-535841D1C43C} = {71AF436A-F5CD-37F4-B99D-535841D1C43C}
		{CE0731AF-D151-3465-B9EA-19747914D1FD} = {CE0731AF-D151-3465-B9EA-19747914D1FD}
	EndProjectSection
EndProject
Project("{8BC9CEB8-8B4A-11D0-8D11-00A0C91BC942}") = "reopen", "glfw-3.1.1\tests\reopen.vcxproj", "{E4821150-43A6-38B3-AC72-3811F09FDB2E}"
	ProjectSection(ProjectDependencies) = postProject
		{71AF436A-F5CD-37F4-B99D-535841D1C43C} = {71AF436A-F5CD-37F4-B99D-535841D1C43C}
		{CE0731AF-D151-3465-B9EA-19747914D1FD} = {CE0731AF-D151-3465-B9EA-19747914D1FD}
	EndProjectSection
EndProject
Project("{8BC9CEB8-8B4A-11D0-8D11-00A0C91BC942}") = "sharing", "glfw-3.1.1\tests\sharing.vcxproj", "{920DB3B6-D6B3-3E21-B718-F8276DCB6252}"
	ProjectSection(ProjectDependencies) = postProject
		{71AF436A-F5CD-37F4-B99D-535841D1C43C} = {71AF436A-F5CD-37F4-B99D-535841D1C43C}
		{CE0731AF-D151-3465-B9EA-19747914D1FD} = {CE0731AF-D151-3465-B9EA-19747914D1FD}
	EndProjectSection
EndProject
Project("{8BC9CEB8-8B4A-11D0-8D11-00A0C91BC942}") = "simple", "glfw-3.1.1\examples\simple.vcxproj", "{F72DAE65-A294-39ED-9B54-E9A27C630D69}"
	ProjectSection(ProjectDependencies) = postProject
		{71AF436A-F5CD-37F4-B99D-535841D1C43C} = {71AF436A-F5CD-37F4-B99D-535841D1C43C}
		{CE0731AF-D151-3465-B9EA-19747914D1FD} = {CE0731AF-D151-3465-B9EA-19747914D1FD}
	EndProjectSection
EndProject
Project("{8BC9CEB8-8B4A-11D0-8D11-00A0C91BC942}") = "splitview", "glfw-3.1.1\examples\splitview.vcxproj", "{1F14119E-AE11-3C99-B367-038BE79FC9DD}"
	ProjectSection(ProjectDependencies) = postProject
		{71AF436A-F5CD-37F4-B99D-535841D1C43C} = {71AF436A-F5CD-37F4-B99D-535841D1C43C}
		{CE0731AF-D151-3465-B9EA-19747914D1FD} = {CE0731AF-D151-3465-B9EA-19747914D1FD}
	EndProjectSection
EndProject
Project("{8BC9CEB8-8B4A-11D0-8D11-00A0C91BC942}") = "tearing", "glfw-3.1.1\tests\tearing.vcxproj", "{21001479-94E9-377E-8AB4-389E071C354E}"
	ProjectSection(ProjectDependencies) = postProject
		{71AF436A-F5CD-37F4-B99D-535841D1C43C} = {71AF436A-F5CD-37F4-B99D-535841D1C43C}
		{CE0731AF-D151-3465-B9EA-19747914D1FD} = {CE0731AF-D151-3465-B9EA-19747914D1FD}
	EndProjectSection
EndProject
Project("{8BC9CEB8-8B4A-11D0-8D11-00A0C91BC942}") = "threads", "glfw-3.1.1\tests\threads.vcxproj", "{DE7534F4-D86D-3392-A169-3CBB12053518}"
	ProjectSection(ProjectDependencies) = postProject
		{71AF436A-F5CD-37F4-B99D-535841D1C43C} = {71AF436A-F5CD-37F4-B99D-535841D1C43C}
		{CE0731AF-D151-3465-B9EA-19747914D1FD} = {CE0731AF-D151-3465-B9EA-19747914D1FD}
	EndProjectSection
EndProject
Project("{8BC9CEB8-8B4A-11D0-8D11-00A0C91BC942}") = "title", "glfw-3.1.1\tests\title.vcxproj", "{D9F4DFEA-DFFE-3F41-8F3B-34BCB58B1F25}"
	ProjectSection(ProjectDependencies) = postProject
		{71AF436A-F5CD-37F4-B99D-535841D1C43C} = {71AF436A-F5CD-37F4-B99D-535841D1C43C}
		{CE0731AF-D151-3465-B9EA-19747914D1FD} = {CE0731AF-D151-3465-B9EA-19747914D1FD}
	EndProjectSection
EndProject
Project("{8BC9CEB8-8B4A-11D0-8D11-00A0C91BC942}") = "uninstall", "glfw-3.1.1\uninstall.vcxproj", "{5A152C2F-C24F-3FFD-A6FA-1DFE0E8DCEA8}"
	ProjectSection(ProjectDependencies) = postProject
		{71AF436A-F5CD-37F4-B99D-535841D1C43C} = {71AF436A-F5CD-37F4-B99D-535841D1C43C}
	EndProjectSection
EndProject
Project("{8BC9CEB8-8B4A-11D0-8D11-00A0C91BC942}") = "wave", "glfw-3.1.1\examples\wave.vcxproj", "{2979E131-06CE-3902-88F6-06AADACD5591}"
	ProjectSection(ProjectDependencies) = postProject
		{71AF436A-F5CD-37F4-B99D-535841D1C43C} = {71AF436A-F5CD-37F4-B99D-535841D1C43C}
		{CE0731AF-D151-3465-B9EA-19747914D1FD} = {CE0731AF-D151-3465-B9EA-19747914D1FD}
	EndProjectSection
EndProject
Project("{8BC9CEB8-8B4A-11D0-8D11-00A0C91BC942}") = "windows", "glfw-3.1.1\tests\windows.vcxproj", "{7D5A38AD-55B5-3559-98A7-9D66AF7D1C4F}"
	ProjectSection(ProjectDependencies) = postProject
		{71AF436A-F5CD-37F4-B99D-535841D1C43C} = {71AF436A-F5CD-37F4-B99D-535841D1C43C}
		{CE0731AF-D151-3465-B9EA-19747914D1FD} = {CE0731AF-D151-3465-B9EA-19747914D1FD}
	EndProjectSection
EndProject
Global
	GlobalSection(SolutionConfigurationPlatforms) = preSolution
		Debug|x64 = Debug|x64
		Release|x64 = Release|x64
		MinSizeRel|x64 = MinSizeRel|x64
		RelWithDebInfo|x64 = RelWithDebInfo|x64
	EndGlobalSection
	GlobalSection(ProjectConfigurationPlatforms) = postSolution
		{FC683848-1D39-3228-B4D9-15F6C3230A56}.Debug|x64.ActiveCfg = Debug|x64
		{FC683848-1D39-3228-B4D9-15F6C3230A56}.Debug|x64.Build.0 = Debug|x64
		{FC683848-1D39-3228-B4D9-15F6C3230A56}.Release|x64.ActiveCfg = Release|x64
		{FC683848-1D39-3228-B4D9-15F6C3230A56}.Release|x64.Build.0 = Release|x64
		{FC683848-1D39-3228-B4D9-15F6C3230A56}.MinSizeRel|x64.ActiveCfg = MinSizeRel|x64
		{FC683848-1D39-3228-B4D9-15F6C3230A56}.MinSizeRel|x64.Build.0 = MinSizeRel|x64
		{FC683848-1D39-3228-B4D9-15F6C3230A56}.RelWithDebInfo|x64.ActiveCfg = RelWithDebInfo|x64
		{FC683848-1D39-3228-B4D9-15F6C3230A56}.RelWithDebInfo|x64.Build.0 = RelWithDebInfo|x64
		{E6571808-08AA-37CC-B964-4F63D26160B5}.Debug|x64.ActiveCfg = Debug|x64
		{E6571808-08AA-37CC-B964-4F63D26160B5}.Release|x64.ActiveCfg = Release|x64
		{E6571808-08AA-37CC-B964-4F63D26160B5}.MinSizeRel|x64.ActiveCfg = MinSizeRel|x64
		{E6571808-08AA-37CC-B964-4F63D26160B5}.RelWithDebInfo|x64.ActiveCfg = RelWithDebInfo|x64
		{71AF436A-F5CD-37F4-B99D-535841D1C43C}.Debug|x64.ActiveCfg = Debug|x64
		{71AF436A-F5CD-37F4-B99D-535841D1C43C}.Debug|x64.Build.0 = Debug|x64
		{71AF436A-F5CD-37F4-B99D-535841D1C43C}.Release|x64.ActiveCfg = Release|x64
		{71AF436A-F5CD-37F4-B99D-535841D1C43C}.Release|x64.Build.0 = Release|x64
		{71AF436A-F5CD-37F4-B99D-535841D1C43C}.MinSizeRel|x64.ActiveCfg = MinSizeRel|x64
		{71AF436A-F5CD-37F4-B99D-535841D1C43C}.MinSizeRel|x64.Build.0 = MinSizeRel|x64
		{71AF436A-F5CD-37F4-B99D-535841D1C43C}.RelWithDebInfo|x64.ActiveCfg = RelWithDebInfo|x64
		{71AF436A-F5CD-37F4-B99D-535841D1C43C}.RelWithDebInfo|x64.Build.0 = RelWithDebInfo|x64
		{8BF99438-96F3-3A84-9E4B-31B9D4095ABD}.Debug|x64.ActiveCfg = Debug|x64
		{8BF99438-96F3-3A84-9E4B-31B9D4095ABD}.Debug|x64.Build.0 = Debug|x64
		{8BF99438-96F3-3A84-9E4B-31B9D4095ABD}.Release|x64.ActiveCfg = Release|x64
		{8BF99438-96F3-3A84-9E4B-31B9D4095ABD}.Release|x64.Build.0 = Release|x64
		{8BF99438-96F3-3A84-9E4B-31B9D4095ABD}.MinSizeRel|x64.ActiveCfg = MinSizeRel|x64
		{8BF99438-96F3-3A84-9E4B-31B9D4095ABD}.MinSizeRel|x64.Build.0 = MinSizeRel|x64
		{8BF99438-96F3-3A84-9E4B-31B9D4095ABD}.RelWithDebInfo|x64.ActiveCfg = RelWithDebInfo|x64
		{8BF99438-96F3-3A84-9E4B-31B9D4095ABD}.RelWithDebInfo|x64.Build.0 = RelWithDebInfo|x64
		{127C33FC-1C77-3063-AA51-FBB1A603F6CE}.Debug|x64.ActiveCfg = Debug|x64
		{127C33FC-1C77-3063-AA51-FBB1A603F6CE}.Debug|x64.Build.0 = Debug|x64
		{127C33FC-1C77-3063-AA51-FBB1A603F6CE}.Release|x64.ActiveCfg = Release|x64
		{127C33FC-1C77-3063-AA51-FBB1A603F6CE}.Release|x64.Build.0 = Release|x64
		{127C33FC-1C77-3063-AA51-FBB1A603F6CE}.MinSizeRel|x64.ActiveCfg = MinSizeRel|x64
		{127C33FC-1C77-3063-AA51-FBB1A603F6CE}.MinSizeRel|x64.Build.0 = MinSizeRel|x64
		{127C33FC-1C77-3063-AA51-FBB1A603F6CE}.RelWithDebInfo|x64.ActiveCfg = RelWithDebInfo|x64
		{127C33FC-1C77-3063-AA51-FBB1A603F6CE}.RelWithDebInfo|x64.Build.0 = RelWithDebInfo|x64
		{9017FFEC-99B6-31D0-A09C-813031DB5DA8}.Debug|x64.ActiveCfg = Debug|x64
		{9017FFEC-99B6-31D0-A09C-813031DB5DA8}.Debug|x64.Build.0 = Debug|x64
		{9017FFEC-99B6-31D0-A09C-813031DB5DA8}.Release|x64.ActiveCfg = Release|x64
		{9017FFEC-99B6-31D0-A09C-813031DB5DA8}.Release|x64.Build.0 = Release|x64
		{9017FFEC-99B6-31D0-A09C-813031DB5DA8}.MinSizeRel|x64.ActiveCfg = MinSizeRel|x64
		{9017FFEC-99B6-31D0-A09C-813031DB5DA8}.MinSizeRel|x64.Build.0 = MinSizeRel|x64
		{9017FFEC-99B6-31D0-A09C-813031DB5DA8}.RelWithDebInfo|x64.ActiveCfg = RelWithDebInfo|x64
		{9017FFEC-99B6-31D0-A09C-813031DB5DA8}.RelWithDebInfo|x64.Build.0 = RelWithDebInfo|x64
		{455D7E9F-7D6B-3922-82DD-CC3E8E5CEBD2}.Debug|x64.ActiveCfg = Debug|x64
		{455D7E9F-7D6B-3922-82DD-CC3E8E5CEBD2}.Debug|x64.Build.0 = Debug|x64
		{455D7E9F-7D6B-3922-82DD-CC3E8E5CEBD2}.Release|x64.ActiveCfg = Release|x64
		{455D7E9F-7D6B-3922-82DD-CC3E8E5CEBD2}.Release|x64.Build.0 = Release|x64
		{455D7E9F-7D6B-3922-82DD-CC3E8E5CEBD2}.MinSizeRel|x64.ActiveCfg = MinSizeRel|x64
		{455D7E9F-7D6B-3922-82DD-CC3E8E5CEBD2}.MinSizeRel|x64.Build.0 = MinSizeRel|x64
		{455D7E9F-7D6B-3922-82DD-CC3E8E5CEBD2}.RelWithDebInfo|x64.ActiveCfg = RelWithDebInfo|x64
		{455D7E9F-7D6B-3922-82DD-CC3E8E5CEBD2}.RelWithDebInfo|x64.Build.0 = RelWithDebInfo|x64
		{13A37C90-5E4E-37CB-B287-3F58CA82C7C9}.Debug|x64.ActiveCfg = Debug|x64
		{13A37C90-5E4E-37CB-B287-3F58CA82C7C9}.Debug|x64.Build.0 = Debug|x64
		{13A37C90-5E4E-37CB-B287-3F58CA82C7C9}.Release|x64.ActiveCfg = Release|x64
		{13A37C90-5E4E-37CB-B287-3F58CA82C7C9}.Release|x64.Build.0 = Release|x64
		{13A37C90-5E4E-37CB-B287-3F58CA82C7C9}.MinSizeRel|x64.ActiveCfg = MinSizeRel|x64
		{13A37C90-5E4E-37CB-B287-3F58CA82C7C9}.MinSizeRel|x64.Build.0 = MinSizeRel|x64
		{13A37C90-5E4E-37CB-B287-3F58CA82C7C9}.RelWithDebInfo|x64.ActiveCfg = RelWithDebInfo|x64
		{13A37C90-5E4E-37CB-B287-3F58CA82C7C9}.RelWithDebInfo|x64.Build.0 = RelWithDebInfo|x64
		{2DD96FBF-B7FF-3B83-B576-1ED88C345199}.Debug|x64.ActiveCfg = Debug|x64
		{2DD96FBF-B7FF-3B83-B576-1ED88C345199}.Debug|x64.Build.0 = Debug|x64
		{2DD96FBF-B7FF-3B83-B576-1ED88C345199}.Release|x64.ActiveCfg = Release|x64
		{2DD96FBF-B7FF-3B83-B576-1ED88C345199}.Release|x64.Build.0 = Release|x64
		{2DD96FBF-B7FF-3B83-B576-1ED88C345199}.MinSizeRel|x64.ActiveCfg = MinSizeRel|x64
		{2DD96FBF-B7FF-3B83-B576-1ED88C345199}.MinSizeRel|x64.Build.0 = MinSizeRel|x64
		{2DD96FBF-B7FF-3B83-B576-1ED88C345199}.RelWithDebInfo|x64.ActiveCfg = RelWithDebInfo|x64
		{2DD96FBF-B7FF-3B83-B576-1ED88C345199}.RelWithDebInfo|x64.Build.0 = RelWithDebInfo|x64
		{C04CC68D-FE1C-3251-947E-DF9B49FBADAF}.Debug|x64.ActiveCfg = Debug|x64
		{C04CC68D-FE1C-3251-947E-DF9B49FBADAF}.Debug|x64.Build.0 = Debug|x64
		{C04CC68D-FE1C-3251-947E-DF9B49FBADAF}.Release|x64.ActiveCfg = Release|x64
		{C04CC68D-FE1C-3251-947E-DF9B49FBADAF}.Release|x64.Build.0 = Release|x64
		{C04CC68D-FE1C-3251-947E-DF9B49FBADAF}.MinSizeRel|x64.ActiveCfg = MinSizeRel|x64
		{C04CC68D-FE1C-3251-947E-DF9B49FBADAF}.MinSizeRel|x64.Build.0 = MinSizeRel|x64
		{C04CC68D-FE1C-3251-947E-DF9B49FBADAF}.RelWithDebInfo|x64.ActiveCfg = RelWithDebInfo|x64
		{C04CC68D-FE1C-3251-947E-DF9B49FBADAF}.RelWithDebInfo|x64.Build.0 = RelWithDebInfo|x64
		{FB3C5D02-1EEE-38B9-962B-FDFBA867A700}.Debug|x64.ActiveCfg = Debug|x64
		{FB3C5D02-1EEE-38B9-962B-FDFBA867A700}.Debug|x64.Build.0 = Debug|x64
		{FB3C5D02-1EEE-38B9-962B-FDFBA867A700}.Release|x64.ActiveCfg = Release|x64
		{FB3C5D02-1EEE-38B9-962B-FDFBA867A700}.Release|x64.Build.0 = Release|x64
		{FB3C5D02-1EEE-38B9-962B-FDFBA867A700}.MinSizeRel|x64.ActiveCfg = MinSizeRel|x64
		{FB3C5D02-1EEE-38B9-962B-FDFBA867A700}.MinSizeRel|x64.Build.0 = MinSizeRel|x64
		{FB3C5D02-1EEE-38B9-962B-FDFBA867A700}.RelWithDebInfo|x64.ActiveCfg = RelWithDebInfo|x64
		{FB3C5D02-1EEE-38B9-962B-FDFBA867A700}.RelWithDebInfo|x64.Build.0 = RelWithDebInfo|x64
		{B534C122-4946-3839-BA60-9CED7739EAD9}.Debug|x64.ActiveCfg = Debug|x64
		{B534C122-4946-3839-BA60-9CED7739EAD9}.Debug|x64.Build.0 = Debug|x64
		{B534C122-4946-3839-BA60-9CED7739EAD9}.Release|x64.ActiveCfg = Release|x64
		{B534C122-4946-3839-BA60-9CED7739EAD9}.Release|x64.Build.0 = Release|x64
		{B534C122-4946-3839-BA60-9CED7739EAD9}.MinSizeRel|x64.ActiveCfg = MinSizeRel|x64
		{B534C122-4946-3839-BA60-9CED7739EAD9}.MinSizeRel|x64.Build.0 = MinSizeRel|x64
		{B534C122-4946-3839-BA60-9CED7739EAD9}.RelWithDebInfo|x64.ActiveCfg = RelWithDebInfo|x64
		{B534C122-4946-3839-BA60-9CED7739EAD9}.RelWithDebInfo|x64.Build.0 = RelWithDebInfo|x64
		{F677AFF0-23C0-353A-9130-F2F643D20AB2}.Debug|x64.ActiveCfg = Debug|x64
		{F677AFF0-23C0-353A-9130-F2F643D20AB2}.Debug|x64.Build.0 = Debug|x64
		{F677AFF0-23C0-353A-9130-F2F643D20AB2}.Release|x64.ActiveCfg = Release|x64
		{F677AFF0-23C0-353A-9130-F2F643D20AB2}.Release|x64.Build.0 = Release|x64
		{F677AFF0-23C0-353A-9130-F2F643D20AB2}.MinSizeRel|x64.ActiveCfg = MinSizeRel|x64
		{F677AFF0-23C0-353A-9130-F2F643D20AB2}.MinSizeRel|x64.Build.0 = MinSizeRel|x64
		{F677AFF0-23C0-353A-9130-F2F643D20AB2}.RelWithDebInfo|x64.ActiveCfg = RelWithDebInfo|x64
		{F677AFF0-23C0-353A-9130-F2F643D20AB2}.RelWithDebInfo|x64.Build.0 = RelWithDebInfo|x64
		{6A4D2B46-82C5-33AD-ABB1-04D071E57E09}.Debug|x64.ActiveCfg = Debug|x64
		{6A4D2B46-82C5-33AD-ABB1-04D071E57E09}.Debug|x64.Build.0 = Debug|x64
		{6A4D2B46-82C5-33AD-ABB1-04D071E57E09}.Release|x64.ActiveCfg = Release|x64
		{6A4D2B46-82C5-33AD-ABB1-04D071E57E09}.Release|x64.Build.0 = Release|x64
		{6A4D2B46-82C5-33AD-ABB1-04D071E57E09}.MinSizeRel|x64.ActiveCfg = MinSizeRel|x64
		{6A4D2B46-82C5-33AD-ABB1-04D071E57E09}.MinSizeRel|x64.Build.0 = MinSizeRel|x64
		{6A4D2B46-82C5-33AD-ABB1-04D071E57E09}.RelWithDebInfo|x64.ActiveCfg = RelWithDebInfo|x64
		{6A4D2B46-82C5-33AD-ABB1-04D071E57E09}.RelWithDebInfo|x64.Build.0 = RelWithDebInfo|x64
		{CE0731AF-D151-3465-B9EA-19747914D1FD}.Debug|x64.ActiveCfg = Debug|x64
		{CE0731AF-D151-3465-B9EA-19747914D1FD}.Debug|x64.Build.0 = Debug|x64
		{CE0731AF-D151-3465-B9EA-19747914D1FD}.Release|x64.ActiveCfg = Release|x64
		{CE0731AF-D151-3465-B9EA-19747914D1FD}.Release|x64.Build.0 = Release|x64
		{CE0731AF-D151-3465-B9EA-19747914D1FD}.MinSizeRel|x64.ActiveCfg = MinSizeRel|x64
		{CE0731AF-D151-3465-B9EA-19747914D1FD}.MinSizeRel|x64.Build.0 = MinSizeRel|x64
		{CE0731AF-D151-3465-B9EA-19747914D1FD}.RelWithDebInfo|x64.ActiveCfg = RelWithDebInfo|x64
		{CE0731AF-D151-3465-B9EA-19747914D1FD}.RelWithDebInfo|x64.Build.0 = RelWithDebInfo|x64
		{133C56A6-D8F8-31EF-AC2F-F9453E2DB80E}.Debug|x64.ActiveCfg = Debug|x64
		{133C56A6-D8F8-31EF-AC2F-F9453E2DB80E}.Debug|x64.Build.0 = Debug|x64
		{133C56A6-D8F8-31EF-AC2F-F9453E2DB80E}.Release|x64.ActiveCfg = Release|x64
		{133C56A6-D8F8-31EF-AC2F-F9453E2DB80E}.Release|x64.Build.0 = Release|x64
		{133C56A6-D8F8-31EF-AC2F-F9453E2DB80E}.MinSizeRel|x64.ActiveCfg = MinSizeRel|x64
		{133C56A6-D8F8-31EF-AC2F-F9453E2DB80E}.MinSizeRel|x64.Build.0 = MinSizeRel|x64
		{133C56A6-D8F8-31EF-AC2F-F9453E2DB80E}.RelWithDebInfo|x64.ActiveCfg = RelWithDebInfo|x64
		{133C56A6-D8F8-31EF-AC2F-F9453E2DB80E}.RelWithDebInfo|x64.Build.0 = RelWithDebInfo|x64
		{4D2B74B1-8311-35D5-B4E0-E3ACEBB43405}.Debug|x64.ActiveCfg = Debug|x64
		{4D2B74B1-8311-35D5-B4E0-E3ACEBB43405}.Debug|x64.Build.0 = Debug|x64
		{4D2B74B1-8311-35D5-B4E0-E3ACEBB43405}.Release|x64.ActiveCfg = Release|x64
		{4D2B74B1-8311-35D5-B4E0-E3ACEBB43405}.Release|x64.Build.0 = Release|x64
		{4D2B74B1-8311-35D5-B4E0-E3ACEBB43405}.MinSizeRel|x64.ActiveCfg = MinSizeRel|x64
		{4D2B74B1-8311-35D5-B4E0-E3ACEBB43405}.MinSizeRel|x64.Build.0 = MinSizeRel|x64
		{4D2B74B1-8311-35D5-B4E0-E3ACEBB43405}.RelWithDebInfo|x64.ActiveCfg = RelWithDebInfo|x64
		{4D2B74B1-8311-35D5-B4E0-E3ACEBB43405}.RelWithDebInfo|x64.Build.0 = RelWithDebInfo|x64
		{A4C4D4E3-1A87-385E-8A03-EA29A35818B1}.Debug|x64.ActiveCfg = Debug|x64
		{A4C4D4E3-1A87-385E-8A03-EA29A35818B1}.Debug|x64.Build.0 = Debug|x64
		{A4C4D4E3-1A87-385E-8A03-EA29A35818B1}.Release|x64.ActiveCfg = Release|x64
		{A4C4D4E3-1A87-385E-8A03-EA29A35818B1}.Release|x64.Build.0 = Release|x64
		{A4C4D4E3-1A87-385E-8A03-EA29A35818B1}.MinSizeRel|x64.ActiveCfg = MinSizeRel|x64
		{A4C4D4E3-1A87-385E-8A03-EA29A35818B1}.MinSizeRel|x64.Build.0 = MinSizeRel|x64
		{A4C4D4E3-1A87-385E-8A03-EA29A35818B1}.RelWithDebInfo|x64.ActiveCfg = RelWithDebInfo|x64
		{A4C4D4E3-1A87-385E-8A03-EA29A35818B1}.RelWithDebInfo|x64.Build.0 = RelWithDebInfo|x64
		{06077F25-5B40-367E-A693-CBF04207A035}.Debug|x64.ActiveCfg = Debug|x64
		{06077F25-5B40-367E-A693-CBF04207A035}.Debug|x64.Build.0 = Debug|x64
		{06077F25-5B40-367E-A693-CBF04207A035}.Release|x64.ActiveCfg = Release|x64
		{06077F25-5B40-367E-A693-CBF04207A035}.Release|x64.Build.0 = Release|x64
		{06077F25-5B40-367E-A693-CBF04207A035}.MinSizeRel|x64.ActiveCfg = MinSizeRel|x64
		{06077F25-5B40-367E-A693-CBF04207A035}.MinSizeRel|x64.Build.0 = MinSizeRel|x64
		{06077F25-5B40-367E-A693-CBF04207A035}.RelWithDebInfo|x64.ActiveCfg = RelWithDebInfo|x64
		{06077F25-5B40-367E-A693-CBF04207A035}.RelWithDebInfo|x64.Build.0 = RelWithDebInfo|x64
		{A42132D8-5970-3EA2-855A-B41486505345}.Debug|x64.ActiveCfg = Debug|x64
		{A42132D8-5970-3EA2-855A-B41486505345}.Debug|x64.Build.0 = Debug|x64
		{A42132D8-5970-3EA2-855A-B41486505345}.Release|x64.ActiveCfg = Release|x64
		{A42132D8-5970-3EA2-855A-B41486505345}.Release|x64.Build.0 = Release|x64
		{A42132D8-5970-3EA2-855A-B41486505345}.MinSizeRel|x64.ActiveCfg = MinSizeRel|x64
		{A42132D8-5970-3EA2-855A-B41486505345}.MinSizeRel|x64.Build.0 = MinSizeRel|x64
		{A42132D8-5970-3EA2-855A-B41486505345}.RelWithDebInfo|x64.ActiveCfg = RelWithDebInfo|x64
		{A42132D8-5970-3EA2-855A-B41486505345}.RelWithDebInfo|x64.Build.0 = RelWithDebInfo|x64
		{828318EB-76E2-3FB2-9787-A782E413BE67}.Debug|x64.ActiveCfg = Debug|x64
		{828318EB-76E2-3FB2-9787-A782E413BE67}.Debug|x64.Build.0 = Debug|x64
		{828318EB-76E2-3FB2-9787-A782E413BE67}.Release|x64.ActiveCfg = Release|x64
		{828318EB-76E2-3FB2-9787-A782E413BE67}.Release|x64.Build.0 = Release|x64
		{828318EB-76E2-3FB2-9787-A782E413BE67}.MinSizeRel|x64.ActiveCfg = MinSizeRel|x64
		{828318EB-76E2-3FB2-9787-A782E413BE67}.MinSizeRel|x64.Build.0 = MinSizeRel|x64
		{828318EB-76E2-3FB2-9787-A782E413BE67}.RelWithDebInfo|x64.ActiveCfg = RelWithDebInfo|x64
		{828318EB-76E2-3FB2-9787-A782E413BE67}.RelWithDebInfo|x64.Build.0 = RelWithDebInfo|x64
		{A5ED2F04-0EFF-3CA1-BE97-B86061FC3E28}.Debug|x64.ActiveCfg = Debug|x64
		{A5ED2F04-0EFF-3CA1-BE97-B86061FC3E28}.Debug|x64.Build.0 = Debug|x64
		{A5ED2F04-0EFF-3CA1-BE97-B86061FC3E28}.Release|x64.ActiveCfg = Release|x64
		{A5ED2F04-0EFF-3CA1-BE97-B86061FC3E28}.Release|x64.Build.0 = Release|x64
		{A5ED2F04-0EFF-3CA1-BE97-B86061FC3E28}.MinSizeRel|x64.ActiveCfg = MinSizeRel|x64
		{A5ED2F04-0EFF-3CA1-BE97-B86061FC3E28}.MinSizeRel|x64.Build.0 = MinSizeRel|x64
		{A5ED2F04-0EFF-3CA1-BE97-B86061FC3E28}.RelWithDebInfo|x64.ActiveCfg = RelWithDebInfo|x64
		{A5ED2F04-0EFF-3CA1-BE97-B86061FC3E28}.RelWithDebInfo|x64.Build.0 = RelWithDebInfo|x64
		{E4821150-43A6-38B3-AC72-3811F09FDB2E}.Debug|x64.ActiveCfg = Debug|x64
		{E4821150-43A6-38B3-AC72-3811F09FDB2E}.Debug|x64.Build.0 = Debug|x64
		{E4821150-43A6-38B3-AC72-3811F09FDB2E}.Release|x64.ActiveCfg = Release|x64
		{E4821150-43A6-38B3-AC72-3811F09FDB2E}.Release|x64.Build.0 = Release|x64
		{E4821150-43A6-38B3-AC72-3811F09FDB2E}.MinSizeRel|x64.ActiveCfg = MinSizeRel|x64
		{E4821150-43A6-38B3-AC72-3811F09FDB2E}.MinSizeRel|x64.Build.0 = MinSizeRel|x64
		{E4821150-43A6-38B3-AC72-3811F09FDB2E}.RelWithDebInfo|x64.ActiveCfg = RelWithDebInfo|x64
		{E4821150-43A6-38B3-AC72-3811F09FDB2E}.RelWithDebInfo|x64.Build.0 = RelWithDebInfo|x64
		{920DB3B6-D6B3-3E21-B718-F8276DCB6252}.Debug|x64.ActiveCfg = Debug|x64
		{920DB3B6-D6B3-3E21-B718-F8276DCB6252}.Debug|x64.Build.0 = Debug|x64
		{920DB3B6-D6B3-3E21-B718-F8276DCB6252}.Release|x64.ActiveCfg = Release|x64
		{920DB3B6-D6B3-3E21-B718-F8276DCB6252}.Release|x64.Build.0 = Release|x64
		{920DB3B6-D6B3-3E21-B718-F8276DCB6252}.MinSizeRel|x64.ActiveCfg = MinSizeRel|x64
		{920DB3B6-D6B3-3E21-B718-F8276DCB6252}.MinSizeRel|x64.Build.0 = MinSizeRel|x64
		{920DB3B6-D6B3-3E21-B718-F8276DCB6252}.RelWithDebInfo|x64.ActiveCfg = RelWithDebInfo|x64
		{920DB3B6-D6B3-3E21-B718-F8276DCB6252}.RelWithDebInfo|x64.Build.0 = RelWithDebInfo|x64
		{F72DAE65-A294-39ED-9B54-E9A27C630D69}.Debug|x64.ActiveCfg = Debug|x64
		{F72DAE65-A294-39ED-9B54-E9A27C630D69}.Debug|x64.Build.0 = Debug|x64
		{F72DAE65-A294-39ED-9B54-E9A27C630D69}.Release|x64.ActiveCfg = Release|x64
		{F72DAE65-A294-39ED-9B54-E9A27C630D69}.Release|x64.Build.0 = Release|x64
		{F72DAE65-A294-39ED-9B54-E9A27C630D69}.MinSizeRel|x64.ActiveCfg = MinSizeRel|x64
		{F72DAE65-A294-39ED-9B54-E9A27C630D69}.MinSizeRel|x64.Build.0 = MinSizeRel|x64
		{F72DAE65-A294-39ED-9B54-E9A27C630D69}.RelWithDebInfo|x64.ActiveCfg = RelWithDebInfo|x64
		{F72DAE65-A294-39ED-9B54-E9A27C630D69}.RelWithDebInfo|x64.Build.0 = RelWithDebInfo|x64
		{1F14119E-AE11-3C99-B367-038BE79FC9DD}.Debug|x64.ActiveCfg = Debug|x64
		{1F14119E-AE11-3C99-B367-038BE79FC9DD}.Debug|x64.Build.0 = Debug|x64
		{1F14119E-AE11-3C99-B367-038BE79FC9DD}.Release|x64.ActiveCfg = Release|x64
		{1F14119E-AE11-3C99-B367-038BE79FC9DD}.Release|x64.Build.0 = Release|x64
		{1F14119E-AE11-3C99-B367-038BE79FC9DD}.MinSizeRel|x64.ActiveCfg = MinSizeRel|x64
		{1F14119E-AE11-3C99-B367-038BE79FC9DD}.MinSizeRel|x64.Build.0 = MinSizeRel|x64
		{1F14119E-AE11-3C99-B367-038BE79FC9DD}.RelWithDebInfo|x64.ActiveCfg = RelWithDebInfo|x64
		{1F14119E-AE11-3C99-B367-038BE79FC9DD}.RelWithDebInfo|x64.Build.0 = RelWithDebInfo|x64
		{21001479-94E9-377E-8AB4-389E071C354E}.Debug|x64.ActiveCfg = Debug|x64
		{21001479-94E9-377E-8AB4-389E071C354E}.Debug|x64.Build.0 = Debug|x64
		{21001479-94E9-377E-8AB4-389E071C354E}.Release|x64.ActiveCfg = Release|x64
		{21001479-94E9-377E-8AB4-389E071C354E}.Release|x64.Build.0 = Release|x64
		{21001479-94E9-377E-8AB4-389E071C354E}.MinSizeRel|x64.ActiveCfg = MinSizeRel|x64
		{21001479-94E9-377E-8AB4-389E071C354E}.MinSizeRel|x64.Build.0 = MinSizeRel|x64
		{21001479-94E9-377E-8AB4-389E071C354E}.RelWithDebInfo|x64.ActiveCfg = RelWithDebInfo|x64
		{21001479-94E9-377E-8AB4-389E071C354E}.RelWithDebInfo|x64.Build.0 = RelWithDebInfo|x64
		{DE7534F4-D86D-3392-A169-3CBB12053518}.Debug|x64.ActiveCfg = Debug|x64
		{DE7534F4-D86D-3392-A169-3CBB12053518}.Debug|x64.Build.0 = Debug|x64
		{DE7534F4-D86D-3392-A169-3CBB12053518}.Release|x64.ActiveCfg = Release|x64
		{DE7534F4-D86D-3392-A169-3CBB12053518}.Release|x64.Build.0 = Release|x64
		{DE7534F4-D86D-3392-A169-3CBB12053518}.MinSizeRel|x64.ActiveCfg = MinSizeRel|x64
		{DE7534F4-D86D-3392-A169-3CBB12053518}.MinSizeRel|x64.Build.0 = MinSizeRel|x64
		{DE7534F4-D86D-3392-A169-3CBB12053518}.RelWithDebInfo|x64.ActiveCfg = RelWithDebInfo|x64
		{DE7534F4-D86D-3392-A169-3CBB12053518}.RelWithDebInfo|x64.Build.0 = RelWithDebInfo|x64
		{D9F4DFEA-DFFE-3F41-8F3B-34BCB58B1F25}.Debug|x64.ActiveCfg = Debug|x64
		{D9F4DFEA-DFFE-3F41-8F3B-34BCB58B1F25}.Debug|x64.Build.0 = Debug|x64
		{D9F4DFEA-DFFE-3F41-8F3B-34BCB58B1F25}.Release|x64.ActiveCfg = Release|x64
		{D9F4DFEA-DFFE-3F41-8F3B-34BCB58B1F25}.Release|x64.Build.0 = Release|x64
		{D9F4DFEA-DFFE-3F41-8F3B-34BCB58B1F25}.MinSizeRel|x64.ActiveCfg = MinSizeRel|x64
		{D9F4DFEA-DFFE-3F41-8F3B-34BCB58B1F25}.MinSizeRel|x64.Build.0 = MinSizeRel|x64
		{D9F4DFEA-DFFE-3F41-8F3B-34BCB58B1F25}.RelWithDebInfo|x64.ActiveCfg = RelWithDebInfo|x64
		{D9F4DFEA-DFFE-3F41-8F3B-34BCB58B1F25}.RelWithDebInfo|x64.Build.0 = RelWithDebInfo|x64
		{5A152C2F-C24F-3FFD-A6FA-1DFE0E8DCEA8}.Debug|x64.ActiveCfg = Debug|x64
		{5A152C2F-C24F-3FFD-A6FA-1DFE0E8DCEA8}.Release|x64.ActiveCfg = Release|x64
		{5A152C2F-C24F-3FFD-A6FA-1DFE0E8DCEA8}.MinSizeRel|x64.ActiveCfg = MinSizeRel|x64
		{5A152C2F-C24F-3FFD-A6FA-1DFE0E8DCEA8}.RelWithDebInfo|x64.ActiveCfg = RelWithDebInfo|x64
		{2979E131-06CE-3902-88F6-06AADACD5591}.Debug|x64.ActiveCfg = Debug|x64
		{2979E131-06CE-3902-88F6-06AADACD5591}.Debug|x64.Build.0 = Debug|x64
		{2979E131-06CE-3902-88F6-06AADACD5591}.Release|x64.ActiveCfg = Release|x64
		{2979E131-06CE-3902-88F6-06AADACD5591}.Release|x64.Build.0 = Release|x64
		{2979E131-06CE-3902-88F6-06AADACD5591}.MinSizeRel|x64.ActiveCfg = MinSizeRel|x64
		{2979E131-06CE-3902-88F6-06AADACD5591}.MinSizeRel|x64.Build.0 = MinSizeRel|x64
		{2979E131-06CE-3902-88F6-06AADACD5591}.RelWithDebInfo|x64.ActiveCfg = RelWithDebInfo|x64
		{2979E131-06CE-3902-88F6-06AADACD5591}.RelWithDebInfo|x64.Build.0 = RelWithDebInfo|x64
		{7D5A38AD-55B5-3559-98A7-9D66AF7D1C4F}.Debug|x64.ActiveCfg = Debug|x64
		{7D5A38AD-55B5-3559-98A7-9D66AF7D1C4F}.Debug|x64.Build.0 = Debug|x64
		{7D5A38AD-55B5-3559-98A7-9D66AF7D1C4F}.Release|x64.ActiveCfg = Release|x64
		{7D5A38AD-55B5-3559-98A7-9D66AF7D1C4F}.Release|x64.Build.0 = Release|x64
		{7D5A38AD-55B5-3559-98A7-9D66AF7D1C4F}.MinSizeRel|x64.ActiveCfg = MinSizeRel|x64
		{7D5A38AD-55B5-3559-98A7-9D66AF7D1C4F}.MinSizeRel|x64.Build.0 = MinSizeRel|x64
		{7D5A38AD-55B5-3559-98A7-9D66AF7D1C4F}.RelWithDebInfo|x64.ActiveCfg = RelWithDebInfo|x64
		{7D5A38AD-55B5-3559-98A7-9D66AF7D1C4F}.RelWithDebInfo|x64.Build.0 = RelWithDebInfo|x64
	EndGlobalSection
	GlobalSection(NestedProjects) = preSolution
		{FC683848-1D39-3228-B4D9-15F6C3230A56} = {66EF014F-CE93-3343-AF0A-C4F94282A695}
		{E6571808-08AA-37CC-B964-4F63D26160B5} = {66EF014F-CE93-3343-AF0A-C4F94282A695}
		{71AF436A-F5CD-37F4-B99D-535841D1C43C} = {66EF014F-CE93-3343-AF0A-C4F94282A695}
		{20D10C6E-1B03-3AC5-9153-F1F972A0CB66} = {B3475860-C424-37C9-8989-35CF7B2EA3EF}
		{0EE9738C-564F-3C58-B978-55718DD3FC38} = {B3475860-C424-37C9-8989-35CF7B2EA3EF}
		{127C33FC-1C77-3063-AA51-FBB1A603F6CE} = {20D10C6E-1B03-3AC5-9153-F1F972A0CB66}
		{6A4D2B46-82C5-33AD-ABB1-04D071E57E09} = {20D10C6E-1B03-3AC5-9153-F1F972A0CB66}
		{4D2B74B1-8311-35D5-B4E0-E3ACEBB43405} = {20D10C6E-1B03-3AC5-9153-F1F972A0CB66}
		{828318EB-76E2-3FB2-9787-A782E413BE67} = {20D10C6E-1B03-3AC5-9153-F1F972A0CB66}
		{F72DAE65-A294-39ED-9B54-E9A27C630D69} = {20D10C6E-1B03-3AC5-9153-F1F972A0CB66}
		{1F14119E-AE11-3C99-B367-038BE79FC9DD} = {20D10C6E-1B03-3AC5-9153-F1F972A0CB66}
		{2979E131-06CE-3902-88F6-06AADACD5591} = {20D10C6E-1B03-3AC5-9153-F1F972A0CB66}
		{8BF99438-96F3-3A84-9E4B-31B9D4095ABD} = {0EE9738C-564F-3C58-B978-55718DD3FC38}
		{9017FFEC-99B6-31D0-A09C-813031DB5DA8} = {0EE9738C-564F-3C58-B978-55718DD3FC38}
		{455D7E9F-7D6B-3922-82DD-CC3E8E5CEBD2} = {0EE9738C-564F-3C58-B978-55718DD3FC38}
		{13A37C90-5E4E-37CB-B287-3F58CA82C7C9} = {0EE9738C-564F-3C58-B978-55718DD3FC38}
		{2DD96FBF-B7FF-3B83-B576-1ED88C345199} = {0EE9738C-564F-3C58-B978-55718DD3FC38}
		{C04CC68D-FE1C-3251-947E-DF9B49FBADAF} = {0EE9738C-564F-3C58-B978-55718DD3FC38}
		{FB3C5D02-1EEE-38B9-962B-FDFBA867A700} = {0EE9738C-564F-3C58-B978-55718DD3FC38}
		{B534C122-4946-3839-BA60-9CED7739EAD9} = {0EE9738C-564F-3C58-B978-55718DD3FC38}
		{F677AFF0-23C0-353A-9130-F2F643D20AB2} = {0EE9738C-564F-3C58-B978-55718DD3FC38}
		{133C56A6-D8F8-31EF-AC2F-F9453E2DB80E} = {0EE9738C-564F-3C58-B978-55718DD3FC38}
		{A4C4D4E3-1A87-385E-8A03-EA29A35818B1} = {0EE9738C-564F-3C58-B978-55718DD3FC38}
		{06077F25-5B40-367E-A693-CBF04207A035} = {0EE9738C-564F-3C58-B978-55718DD3FC38}
		{A42132D8-5970-3EA2-855A-B41486505345} = {0EE9738C-564F-3C58-B978-55718DD3FC38}
		{A5ED2F04-0EFF-3CA1-BE97-B86061FC3E28} = {0EE9738C-564F-3C58-B978-55718DD3FC38}
		{E4821150-43A6-38B3-AC72-3811F09FDB2E} = {0EE9738C-564F-3C58-B978-55718DD3FC38}
		{920DB3B6-D6B3-3E21-B718-F8276DCB6252} = {0EE9738C-564F-3C58-B978-55718DD3FC38}
		{21001479-94E9-377E-8AB4-389E071C354E} = {0EE9738C-564F-3C58-B978-55718DD3FC38}
		{DE7534F4-D86D-3392-A169-3CBB12053518} = {0EE9738C-564F-3C58-B978-55718DD3FC38}
		{D9F4DFEA-DFFE-3F41-8F3B-34BCB58B1F25} = {0EE9738C-564F-3C58-B978-55718DD3FC38}
		{7D5A38AD-55B5-3559-98A7-9D66AF7D1C4F} = {0EE9738C-564F-3C58-B978-55718DD3FC38}
	EndGlobalSection
	GlobalSection(ExtensibilityGlobals) = postSolution
	EndGlobalSection
	GlobalSection(ExtensibilityAddIns) = postSolution
	EndGlobalSection
EndGlobal
