<?xml version="1.0" encoding="UTF-8"?>
<Project ToolsVersion="14.0" xmlns="http://schemas.microsoft.com/developer/msbuild/2003">
  <ItemGroup>
    <ClCompile Include="D:\School\ME 557\SDK\glfw-3.1.1\tests\reopen.c">
      <Filter>Source Files</Filter>
    </ClCompile>
  </ItemGroup>
  <ItemGroup>
    <CustomBuild Include="D:\School\ME 557\SDK\glfw-3.1.1\tests\CMakeLists.txt" />
  </ItemGroup>
  <ItemGroup>
    <Filter Include="Source Files">
      <UniqueIdentifier>{C5D4CD52-56CD-3C3A-A661-BC56EADBF870}</UniqueIdentifier>
    </Filter>
  </ItemGroup>
</Project>
